// !$*UTF8*$!
{
	archiveVersion = 1;
	classes = {
	};
	objectVersion = 46;
	objects = {

/* Begin PBXBuildFile section */
		6B4F0E5F1B531378009E0575 /* main.m in Sources */ = {isa = PBXBuildFile; fileRef = 6B4F0E5E1B531378009E0575 /* main.m */; };
		6B4F0E621B531378009E0575 /* AppDelegate.m in Sources */ = {isa = PBXBuildFile; fileRef = 6B4F0E611B531378009E0575 /* AppDelegate.m */; };
		6B4F0E651B531378009E0575 /* MasterViewController.m in Sources */ = {isa = PBXBuildFile; fileRef = 6B4F0E641B531378009E0575 /* MasterViewController.m */; };
		6B4F0E681B531378009E0575 /* DetailViewController.m in Sources */ = {isa = PBXBuildFile; fileRef = 6B4F0E671B531378009E0575 /* DetailViewController.m */; };
		6B4F0E6B1B531378009E0575 /* Main.storyboard in Resources */ = {isa = PBXBuildFile; fileRef = 6B4F0E691B531378009E0575 /* Main.storyboard */; };
		6B4F0E6D1B531378009E0575 /* Images.xcassets in Resources */ = {isa = PBXBuildFile; fileRef = 6B4F0E6C1B531378009E0575 /* Images.xcassets */; };
		6B4F0E701B531378009E0575 /* LaunchScreen.xib in Resources */ = {isa = PBXBuildFile; fileRef = 6B4F0E6E1B531378009E0575 /* LaunchScreen.xib */; };
		6B4F0E7C1B531378009E0575 /* xctest_funTests.m in Sources */ = {isa = PBXBuildFile; fileRef = 6B4F0E7B1B531378009E0575 /* xctest_funTests.m */; };
/* End PBXBuildFile section */

/* Begin PBXContainerItemProxy section */
		6B4F0E761B531378009E0575 /* PBXContainerItemProxy */ = {
			isa = PBXContainerItemProxy;
			containerPortal = 6B4F0E511B531378009E0575 /* Project object */;
			proxyType = 1;
			remoteGlobalIDString = 6B4F0E581B531378009E0575;
			remoteInfo = "xctest-fun";
		};
/* End PBXContainerItemProxy section */

/* Begin PBXFileReference section */
		6B4F0E591B531378009E0575 /* xctest-fun.app */ = {isa = PBXFileReference; explicitFileType = wrapper.application; includeInIndex = 0; path = "xctest-fun.app"; sourceTree = BUILT_PRODUCTS_DIR; };
		6B4F0E5D1B531378009E0575 /* Info.plist */ = {isa = PBXFileReference; lastKnownFileType = text.plist.xml; path = Info.plist; sourceTree = "<group>"; };
		6B4F0E5E1B531378009E0575 /* main.m */ = {isa = PBXFileReference; lastKnownFileType = sourcecode.c.objc; path = main.m; sourceTree = "<group>"; };
		6B4F0E601B531378009E0575 /* AppDelegate.h */ = {isa = PBXFileReference; lastKnownFileType = sourcecode.c.h; path = AppDelegate.h; sourceTree = "<group>"; };
		6B4F0E611B531378009E0575 /* AppDelegate.m */ = {isa = PBXFileReference; lastKnownFileType = sourcecode.c.objc; path = AppDelegate.m; sourceTree = "<group>"; };
		6B4F0E631B531378009E0575 /* MasterViewController.h */ = {isa = PBXFileReference; lastKnownFileType = sourcecode.c.h; path = MasterViewController.h; sourceTree = "<group>"; };
		6B4F0E641B531378009E0575 /* MasterViewController.m */ = {isa = PBXFileReference; lastKnownFileType = sourcecode.c.objc; path = MasterViewController.m; sourceTree = "<group>"; };
		6B4F0E661B531378009E0575 /* DetailViewController.h */ = {isa = PBXFileReference; lastKnownFileType = sourcecode.c.h; path = DetailViewController.h; sourceTree = "<group>"; };
		6B4F0E671B531378009E0575 /* DetailViewController.m */ = {isa = PBXFileReference; lastKnownFileType = sourcecode.c.objc; path = DetailViewController.m; sourceTree = "<group>"; };
		6B4F0E6A1B531378009E0575 /* Base */ = {isa = PBXFileReference; lastKnownFileType = file.storyboard; name = Base; path = Base.lproj/Main.storyboard; sourceTree = "<group>"; };
		6B4F0E6C1B531378009E0575 /* Images.xcassets */ = {isa = PBXFileReference; lastKnownFileType = folder.assetcatalog; path = Images.xcassets; sourceTree = "<group>"; };
		6B4F0E6F1B531378009E0575 /* Base */ = {isa = PBXFileReference; lastKnownFileType = file.xib; name = Base; path = Base.lproj/LaunchScreen.xib; sourceTree = "<group>"; };
		6B4F0E751B531378009E0575 /* xctest-funTests.xctest */ = {isa = PBXFileReference; explicitFileType = wrapper.cfbundle; includeInIndex = 0; path = "xctest-funTests.xctest"; sourceTree = BUILT_PRODUCTS_DIR; };
		6B4F0E7A1B531378009E0575 /* Info.plist */ = {isa = PBXFileReference; lastKnownFileType = text.plist.xml; path = Info.plist; sourceTree = "<group>"; };
		6B4F0E7B1B531378009E0575 /* xctest_funTests.m */ = {isa = PBXFileReference; lastKnownFileType = sourcecode.c.objc; path = xctest_funTests.m; sourceTree = "<group>"; };
/* End PBXFileReference section */

/* Begin PBXFrameworksBuildPhase section */
		6B4F0E561B531378009E0575 /* Frameworks */ = {
			isa = PBXFrameworksBuildPhase;
			buildActionMask = 2147483647;
			files = (
			);
			runOnlyForDeploymentPostprocessing = 0;
		};
		6B4F0E721B531378009E0575 /* Frameworks */ = {
			isa = PBXFrameworksBuildPhase;
			buildActionMask = 2147483647;
			files = (
			);
			runOnlyForDeploymentPostprocessing = 0;
		};
/* End PBXFrameworksBuildPhase section */

/* Begin PBXGroup section */
		6B4F0E501B531378009E0575 = {
			isa = PBXGroup;
			children = (
				6B4F0E5B1B531378009E0575 /* xctest-fun */,
				6B4F0E781B531378009E0575 /* xctest-funTests */,
				6B4F0E5A1B531378009E0575 /* Products */,
			);
			sourceTree = "<group>";
		};
		6B4F0E5A1B531378009E0575 /* Products */ = {
			isa = PBXGroup;
			children = (
				6B4F0E591B531378009E0575 /* xctest-fun.app */,
				6B4F0E751B531378009E0575 /* xctest-funTests.xctest */,
			);
			name = Products;
			sourceTree = "<group>";
		};
		6B4F0E5B1B531378009E0575 /* xctest-fun */ = {
			isa = PBXGroup;
			children = (
				6B4F0E601B531378009E0575 /* AppDelegate.h */,
				6B4F0E611B531378009E0575 /* AppDelegate.m */,
				6B4F0E631B531378009E0575 /* MasterViewController.h */,
				6B4F0E641B531378009E0575 /* MasterViewController.m */,
				6B4F0E661B531378009E0575 /* DetailViewController.h */,
				6B4F0E671B531378009E0575 /* DetailViewController.m */,
				6B4F0E691B531378009E0575 /* Main.storyboard */,
				6B4F0E6C1B531378009E0575 /* Images.xcassets */,
				6B4F0E6E1B531378009E0575 /* LaunchScreen.xib */,
				6B4F0E5C1B531378009E0575 /* Supporting Files */,
			);
			path = "xctest-fun";
			sourceTree = "<group>";
		};
		6B4F0E5C1B531378009E0575 /* Supporting Files */ = {
			isa = PBXGroup;
			children = (
				6B4F0E5D1B531378009E0575 /* Info.plist */,
				6B4F0E5E1B531378009E0575 /* main.m */,
			);
			name = "Supporting Files";
			sourceTree = "<group>";
		};
		6B4F0E781B531378009E0575 /* xctest-funTests */ = {
			isa = PBXGroup;
			children = (
				6B4F0E7B1B531378009E0575 /* xctest_funTests.m */,
				6B4F0E791B531378009E0575 /* Supporting Files */,
			);
			path = "xctest-funTests";
			sourceTree = "<group>";
		};
		6B4F0E791B531378009E0575 /* Supporting Files */ = {
			isa = PBXGroup;
			children = (
				6B4F0E7A1B531378009E0575 /* Info.plist */,
			);
			name = "Supporting Files";
			sourceTree = "<group>";
		};
/* End PBXGroup section */

/* Begin PBXNativeTarget section */
		6B4F0E581B531378009E0575 /* xctest-fun */ = {
			isa = PBXNativeTarget;
			buildConfigurationList = 6B4F0E7F1B531378009E0575 /* Build configuration list for PBXNativeTarget "xctest-fun" */;
			buildPhases = (
				6B4F0E551B531378009E0575 /* Sources */,
				6B4F0E561B531378009E0575 /* Frameworks */,
				6B4F0E571B531378009E0575 /* Resources */,
			);
			buildRules = (
			);
			dependencies = (
			);
			name = "xctest-fun";
			productName = "xctest-fun";
			productReference = 6B4F0E591B531378009E0575 /* xctest-fun.app */;
			productType = "com.apple.product-type.application";
		};
		6B4F0E741B531378009E0575 /* xctest-funTests */ = {
			isa = PBXNativeTarget;
			buildConfigurationList = 6B4F0E821B531378009E0575 /* Build configuration list for PBXNativeTarget "xctest-funTests" */;
			buildPhases = (
				6B4F0E711B531378009E0575 /* Sources */,
				6B4F0E721B531378009E0575 /* Frameworks */,
				6B4F0E731B531378009E0575 /* Resources */,
			);
			buildRules = (
			);
			dependencies = (
				6B4F0E771B531378009E0575 /* PBXTargetDependency */,
			);
			name = "xctest-funTests";
			productName = "xctest-funTests";
			productReference = 6B4F0E751B531378009E0575 /* xctest-funTests.xctest */;
			productType = "com.apple.product-type.bundle.unit-test";
		};
/* End PBXNativeTarget section */

/* Begin PBXProject section */
		6B4F0E511B531378009E0575 /* Project object */ = {
			isa = PBXProject;
			attributes = {
				LastUpgradeCheck = 0640;
				ORGANIZATIONNAME = Krzychu;
				TargetAttributes = {
					6B4F0E581B531378009E0575 = {
						CreatedOnToolsVersion = 6.4;
					};
					6B4F0E741B531378009E0575 = {
						CreatedOnToolsVersion = 6.4;
						TestTargetID = 6B4F0E581B531378009E0575;
					};
				};
			};
			buildConfigurationList = 6B4F0E541B531378009E0575 /* Build configuration list for PBXProject "xctest-fun" */;
			compatibilityVersion = "Xcode 3.2";
			developmentRegion = English;
			hasScannedForEncodings = 0;
			knownRegions = (
				en,
				Base,
			);
			mainGroup = 6B4F0E501B531378009E0575;
			productRefGroup = 6B4F0E5A1B531378009E0575 /* Products */;
			projectDirPath = "";
			projectRoot = "";
			targets = (
				6B4F0E581B531378009E0575 /* xctest-fun */,
				6B4F0E741B531378009E0575 /* xctest-funTests */,
			);
		};
/* End PBXProject section */

/* Begin PBXResourcesBuildPhase section */
		6B4F0E571B531378009E0575 /* Resources */ = {
			isa = PBXResourcesBuildPhase;
			buildActionMask = 2147483647;
			files = (
				6B4F0E6B1B531378009E0575 /* Main.storyboard in Resources */,
				6B4F0E701B531378009E0575 /* LaunchScreen.xib in Resources */,
				6B4F0E6D1B531378009E0575 /* Images.xcassets in Resources */,
			);
			runOnlyForDeploymentPostprocessing = 0;
		};
		6B4F0E731B531378009E0575 /* Resources */ = {
			isa = PBXResourcesBuildPhase;
			buildActionMask = 2147483647;
			files = (
			);
			runOnlyForDeploymentPostprocessing = 0;
		};
/* End PBXResourcesBuildPhase section */

/* Begin PBXSourcesBuildPhase section */
		6B4F0E551B531378009E0575 /* Sources */ = {
			isa = PBXSourcesBuildPhase;
			buildActionMask = 2147483647;
			files = (
				6B4F0E621B531378009E0575 /* AppDelegate.m in Sources */,
				6B4F0E651B531378009E0575 /* MasterViewController.m in Sources */,
				6B4F0E5F1B531378009E0575 /* main.m in Sources */,
				6B4F0E681B531378009E0575 /* DetailViewController.m in Sources */,
			);
			runOnlyForDeploymentPostprocessing = 0;
		};
		6B4F0E711B531378009E0575 /* Sources */ = {
			isa = PBXSourcesBuildPhase;
			buildActionMask = 2147483647;
			files = (
				6B4F0E7C1B531378009E0575 /* xctest_funTests.m in Sources */,
			);
			runOnlyForDeploymentPostprocessing = 0;
		};
/* End PBXSourcesBuildPhase section */

/* Begin PBXTargetDependency section */
		6B4F0E771B531378009E0575 /* PBXTargetDependency */ = {
			isa = PBXTargetDependency;
			target = 6B4F0E581B531378009E0575 /* xctest-fun */;
			targetProxy = 6B4F0E761B531378009E0575 /* PBXContainerItemProxy */;
		};
/* End PBXTargetDependency section */

/* Begin PBXVariantGroup section */
		6B4F0E691B531378009E0575 /* Main.storyboard */ = {
			isa = PBXVariantGroup;
			children = (
				6B4F0E6A1B531378009E0575 /* Base */,
			);
			name = Main.storyboard;
			sourceTree = "<group>";
		};
		6B4F0E6E1B531378009E0575 /* LaunchScreen.xib */ = {
			isa = PBXVariantGroup;
			children = (
				6B4F0E6F1B531378009E0575 /* Base */,
			);
			name = LaunchScreen.xib;
			sourceTree = "<group>";
		};
/* End PBXVariantGroup section */

/* Begin XCBuildConfiguration section */
		6B4F0E7D1B531378009E0575 /* Debug */ = {
			isa = XCBuildConfiguration;
			buildSettings = {
				ALWAYS_SEARCH_USER_PATHS = NO;
				CLANG_CXX_LANGUAGE_STANDARD = "gnu++0x";
				CLANG_CXX_LIBRARY = "libc++";
				CLANG_ENABLE_MODULES = YES;
				CLANG_ENABLE_OBJC_ARC = YES;
				CLANG_WARN_BOOL_CONVERSION = YES;
				CLANG_WARN_CONSTANT_CONVERSION = YES;
				CLANG_WARN_DIRECT_OBJC_ISA_USAGE = YES_ERROR;
				CLANG_WARN_EMPTY_BODY = YES;
				CLANG_WARN_ENUM_CONVERSION = YES;
				CLANG_WARN_INT_CONVERSION = YES;
				CLANG_WARN_OBJC_ROOT_CLASS = YES_ERROR;
				CLANG_WARN_UNREACHABLE_CODE = YES;
				CLANG_WARN__DUPLICATE_METHOD_MATCH = YES;
				"CODE_SIGN_IDENTITY[sdk=iphoneos*]" = "iPhone Developer";
				COPY_PHASE_STRIP = NO;
				DEBUG_INFORMATION_FORMAT = "dwarf-with-dsym";
				ENABLE_STRICT_OBJC_MSGSEND = YES;
				GCC_C_LANGUAGE_STANDARD = gnu99;
				GCC_DYNAMIC_NO_PIC = NO;
				GCC_NO_COMMON_BLOCKS = YES;
				GCC_OPTIMIZATION_LEVEL = 0;
				GCC_PREPROCESSOR_DEFINITIONS = (
					"DEBUG=1",
					"$(inherited)",
				);
				GCC_SYMBOLS_PRIVATE_EXTERN = NO;
				GCC_WARN_64_TO_32_BIT_CONVERSION = YES;
				GCC_WARN_ABOUT_RETURN_TYPE = YES_ERROR;
				GCC_WARN_UNDECLARED_SELECTOR = YES;
				GCC_WARN_UNINITIALIZED_AUTOS = YES_AGGRESSIVE;
				GCC_WARN_UNUSED_FUNCTION = YES;
				GCC_WARN_UNUSED_VARIABLE = YES;
				IPHONEOS_DEPLOYMENT_TARGET = 8.4;
				MTL_ENABLE_DEBUG_INFO = YES;
				ONLY_ACTIVE_ARCH = YES;
				SDKROOT = iphoneos;
				TARGETED_DEVICE_FAMILY = "1,2";
			};
			name = Debug;
		};
		6B4F0E7E1B531378009E0575 /* Release */ = {
			isa = XCBuildConfiguration;
			buildSettings = {
				ALWAYS_SEARCH_USER_PATHS = NO;
				CLANG_CXX_LANGUAGE_STANDARD = "gnu++0x";
				CLANG_CXX_LIBRARY = "libc++";
				CLANG_ENABLE_MODULES = YES;
				CLANG_ENABLE_OBJC_ARC = YES;
				CLANG_WARN_BOOL_CONVERSION = YES;
				CLANG_WARN_CONSTANT_CONVERSION = YES;
				CLANG_WARN_DIRECT_OBJC_ISA_USAGE = YES_ERROR;
				CLANG_WARN_EMPTY_BODY = YES;
				CLANG_WARN_ENUM_CONVERSION = YES;
				CLANG_WARN_INT_CONVERSION = YES;
				CLANG_WARN_OBJC_ROOT_CLASS = YES_ERROR;
				CLANG_WARN_UNREACHABLE_CODE = YES;
				CLANG_WARN__DUPLICATE_METHOD_MATCH = YES;
				"CODE_SIGN_IDENTITY[sdk=iphoneos*]" = "iPhone Developer";
				COPY_PHASE_STRIP = NO;
				DEBUG_INFORMATION_FORMAT = "dwarf-with-dsym";
				ENABLE_NS_ASSERTIONS = NO;
				ENABLE_STRICT_OBJC_MSGSEND = YES;
				GCC_C_LANGUAGE_STANDARD = gnu99;
				GCC_NO_COMMON_BLOCKS = YES;
				GCC_WARN_64_TO_32_BIT_CONVERSION = YES;
				GCC_WARN_ABOUT_RETURN_TYPE = YES_ERROR;
				GCC_WARN_UNDECLARED_SELECTOR = YES;
				GCC_WARN_UNINITIALIZED_AUTOS = YES_AGGRESSIVE;
				GCC_WARN_UNUSED_FUNCTION = YES;
				GCC_WARN_UNUSED_VARIABLE = YES;
				IPHONEOS_DEPLOYMENT_TARGET = 8.4;
				MTL_ENABLE_DEBUG_INFO = NO;
				SDKROOT = iphoneos;
				TARGETED_DEVICE_FAMILY = "1,2";
				VALIDATE_PRODUCT = YES;
			};
			name = Release;
		};
		6B4F0E801B531378009E0575 /* Debug */ = {
			isa = XCBuildConfiguration;
			buildSettings = {
				ASSETCATALOG_COMPILER_APPICON_NAME = AppIcon;
				INFOPLIST_FILE = "xctest-fun/Info.plist";
				LD_RUNPATH_SEARCH_PATHS = "$(inherited) @executable_path/Frameworks";
				PRODUCT_NAME = "$(TARGET_NAME)";
			};
			name = Debug;
		};
		6B4F0E811B531378009E0575 /* Release */ = {
			isa = XCBuildConfiguration;
			buildSettings = {
				ASSETCATALOG_COMPILER_APPICON_NAME = AppIcon;
				INFOPLIST_FILE = "xctest-fun/Info.plist";
				LD_RUNPATH_SEARCH_PATHS = "$(inherited) @executable_path/Frameworks";
				PRODUCT_NAME = "$(TARGET_NAME)";
			};
			name = Release;
		};
		6B4F0E831B531378009E0575 /* Debug */ = {
			isa = XCBuildConfiguration;
			buildSettings = {
				BUNDLE_LOADER = "$(TEST_HOST)";
				FRAMEWORK_SEARCH_PATHS = (
					"$(SDKROOT)/Developer/Library/Frameworks",
					"$(inherited)",
				);
				GCC_PREPROCESSOR_DEFINITIONS = (
					"DEBUG=1",
					"$(inherited)",
				);
				INFOPLIST_FILE = "xctest-funTests/Info.plist";
				LD_RUNPATH_SEARCH_PATHS = "$(inherited) @executable_path/Frameworks @loader_path/Frameworks";
				PRODUCT_NAME = "$(TARGET_NAME)";
				TEST_HOST = "$(BUILT_PRODUCTS_DIR)/xctest-fun.app/xctest-fun";
			};
			name = Debug;
		};
		6B4F0E841B531378009E0575 /* Release */ = {
			isa = XCBuildConfiguration;
			buildSettings = {
				BUNDLE_LOADER = "$(TEST_HOST)";
				FRAMEWORK_SEARCH_PATHS = (
					"$(SDKROOT)/Developer/Library/Frameworks",
					"$(inherited)",
				);
				INFOPLIST_FILE = "xctest-funTests/Info.plist";
				LD_RUNPATH_SEARCH_PATHS = "$(inherited) @executable_path/Frameworks @loader_path/Frameworks";
				PRODUCT_NAME = "$(TARGET_NAME)";
				TEST_HOST = "$(BUILT_PRODUCTS_DIR)/xctest-fun.app/xctest-fun";
			};
			name = Release;
		};
/* End XCBuildConfiguration section */

/* Begin XCConfigurationList section */
		6B4F0E541B531378009E0575 /* Build configuration list for PBXProject "xctest-fun" */ = {
			isa = XCConfigurationList;
			buildConfigurations = (
				6B4F0E7D1B531378009E0575 /* Debug */,
				6B4F0E7E1B531378009E0575 /* Release */,
			);
			defaultConfigurationIsVisible = 0;
			defaultConfigurationName = Release;
		};
		6B4F0E7F1B531378009E0575 /* Build configuration list for PBXNativeTarget "xctest-fun" */ = {
			isa = XCConfigurationList;
			buildConfigurations = (
				6B4F0E801B531378009E0575 /* Debug */,
				6B4F0E811B531378009E0575 /* Release */,
			);
			defaultConfigurationIsVisible = 0;
		};
		6B4F0E821B531378009E0575 /* Build configuration list for PBXNativeTarget "xctest-funTests" */ = {
			isa = XCConfigurationList;
			buildConfigurations = (
				6B4F0E831B531378009E0575 /* Debug */,
				6B4F0E841B531378009E0575 /* Release */,
			);
			defaultConfigurationIsVisible = 0;
		};
/* End XCConfigurationList section */
	};
	rootObject = 6B4F0E511B531378009E0575 /* Project object */;
}
